
Microsoft Visual Studio Solution File, Format Version 12.00
# Visual Studio Version 16
VisualStudioVersion = 16.0.29926.136
MinimumVisualStudioVersion = 10.0.40219.1
Project("{FAE04EC0-301F-11D3-BF4B-00C04F79EFBC}") = "Calculator", "Calculator\Calculator.csproj", "{024B169D-EBD0-4D50-8D62-32F3EB6BC570}"
EndProject
Project("{FAE04EC0-301F-11D3-BF4B-00C04F79EFBC}") = "Calculator.Core", "Calculator.Core\Calculator.Core.csproj", "{CC6B676D-279B-4BA4-A37C-05DECA6BCF48}"
EndProject
Project("{FAE04EC0-301F-11D3-BF4B-00C04F79EFBC}") = "Calculator.UI", "Calculator.UI\Calculator.UI.csproj", "{885BFBFC-54F9-4D46-9BCB-F233DC5D426D}"
EndProject
Global
	GlobalSection(SolutionConfigurationPlatforms) = preSolution
		Debug|Any CPU = Debug|Any CPU
		Release|Any CPU = Release|Any CPU
	EndGlobalSection
	GlobalSection(ProjectConfigurationPlatforms) = postSolution
		{024B169D-EBD0-4D50-8D62-32F3EB6BC570}.Debug|Any CPU.ActiveCfg = Debug|Any CPU
		{024B169D-EBD0-4D50-8D62-32F3EB6BC570}.Debug|Any CPU.Build.0 = Debug|Any CPU
		{024B169D-EBD0-4D50-8D62-32F3EB6BC570}.Release|Any CPU.ActiveCfg = Release|Any CPU
		{024B169D-EBD0-4D50-8D62-32F3EB6BC570}.Release|Any CPU.Build.0 = Release|Any CPU
		{CC6B676D-279B-4BA4-A37C-05DECA6BCF48}.Debug|Any CPU.ActiveCfg = Debug|Any CPU
		{CC6B676D-279B-4BA4-A37C-05DECA6BCF48}.Debug|Any CPU.Build.0 = Debug|Any CPU
		{CC6B676D-279B-4BA4-A37C-05DECA6BCF48}.Release|Any CPU.ActiveCfg = Release|Any CPU
		{CC6B676D-279B-4BA4-A37C-05DECA6BCF48}.Release|Any CPU.Build.0 = Release|Any CPU
		{885BFBFC-54F9-4D46-9BCB-F233DC5D426D}.Debug|Any CPU.ActiveCfg = Debug|Any CPU
		{885BFBFC-54F9-4D46-9BCB-F233DC5D426D}.Debug|Any CPU.Build.0 = Debug|Any CPU
		{885BFBFC-54F9-4D46-9BCB-F233DC5D426D}.Release|Any CPU.ActiveCfg = Release|Any CPU
		{885BFBFC-54F9-4D46-9BCB-F233DC5D426D}.Release|Any CPU.Build.0 = Release|Any CPU
	EndGlobalSection
	GlobalSection(SolutionProperties) = preSolution
		HideSolutionNode = FALSE
	EndGlobalSection
	GlobalSection(ExtensibilityGlobals) = postSolution
		SolutionGuid = {3F2A332C-7B99-43F6-98D2-CA5B3ACF14D5}
	EndGlobalSection
EndGlobal
